// !$*UTF8*$!
{
	archiveVersion = 1;
	classes = {
	};
	objectVersion = 46;
	objects = {

/* Begin PBXBuildFile section */
		D9409BCC1BA77826000607DE /* AppDelegate.swift in Sources */ = {isa = PBXBuildFile; fileRef = D9409BCB1BA77826000607DE /* AppDelegate.swift */; };
		D9409BD11BA77826000607DE /* Main.storyboard in Resources */ = {isa = PBXBuildFile; fileRef = D9409BCF1BA77826000607DE /* Main.storyboard */; };
		D9409BD31BA77826000607DE /* Assets.xcassets in Resources */ = {isa = PBXBuildFile; fileRef = D9409BD21BA77826000607DE /* Assets.xcassets */; };
		D9409BD61BA77826000607DE /* LaunchScreen.storyboard in Resources */ = {isa = PBXBuildFile; fileRef = D9409BD41BA77826000607DE /* LaunchScreen.storyboard */; };
		D9409BE11BA77826000607DE /* ImaginaryAnimalsTests.swift in Sources */ = {isa = PBXBuildFile; fileRef = D9409BE01BA77826000607DE /* ImaginaryAnimalsTests.swift */; };
		D9DFE8D81BA77AD90059BD61 /* TableViewController.swift in Sources */ = {isa = PBXBuildFile; fileRef = D9DFE8D71BA77AD90059BD61 /* TableViewController.swift */; };
		D9DFE8DA1BA7803F0059BD61 /* ImaginaryAnimal.swift in Sources */ = {isa = PBXBuildFile; fileRef = D9DFE8D91BA7803F0059BD61 /* ImaginaryAnimal.swift */; };
		D9DFEA8F1BA788210059BD61 /* AnimalsLoader.swift in Sources */ = {isa = PBXBuildFile; fileRef = D9DFEA8E1BA788210059BD61 /* AnimalsLoader.swift */; };
		D9DFEA911BA78B620059BD61 /* DetailViewController.swift in Sources */ = {isa = PBXBuildFile; fileRef = D9DFEA901BA78B620059BD61 /* DetailViewController.swift */; };
		D9DFEA931BA88E410059BD61 /* Animals.json in Resources */ = {isa = PBXBuildFile; fileRef = D9DFEA921BA88E410059BD61 /* Animals.json */; };
/* End PBXBuildFile section */

/* Begin PBXContainerItemProxy section */
		D9409BDD1BA77826000607DE /* PBXContainerItemProxy */ = {
			isa = PBXContainerItemProxy;
			containerPortal = D9409BC01BA77826000607DE /* Project object */;
			proxyType = 1;
			remoteGlobalIDString = D9409BC71BA77826000607DE;
			remoteInfo = ImaginaryAnimals;
		};
/* End PBXContainerItemProxy section */

/* Begin PBXFileReference section */
		D9409BC81BA77826000607DE /* ImaginaryAnimals.app */ = {isa = PBXFileReference; explicitFileType = wrapper.application; includeInIndex = 0; path = ImaginaryAnimals.app; sourceTree = BUILT_PRODUCTS_DIR; };
		D9409BCB1BA77826000607DE /* AppDelegate.swift */ = {isa = PBXFileReference; lastKnownFileType = sourcecode.swift; path = AppDelegate.swift; sourceTree = "<group>"; };
		D9409BD01BA77826000607DE /* Base */ = {isa = PBXFileReference; lastKnownFileType = file.storyboard; name = Base; path = Base.lproj/Main.storyboard; sourceTree = "<group>"; };
		D9409BD21BA77826000607DE /* Assets.xcassets */ = {isa = PBXFileReference; lastKnownFileType = folder.assetcatalog; path = Assets.xcassets; sourceTree = "<group>"; };
		D9409BD51BA77826000607DE /* Base */ = {isa = PBXFileReference; lastKnownFileType = file.storyboard; name = Base; path = Base.lproj/LaunchScreen.storyboard; sourceTree = "<group>"; };
		D9409BD71BA77826000607DE /* Info.plist */ = {isa = PBXFileReference; lastKnownFileType = text.plist.xml; path = Info.plist; sourceTree = "<group>"; };
		D9409BDC1BA77826000607DE /* ImaginaryAnimalsTests.xctest */ = {isa = PBXFileReference; explicitFileType = wrapper.cfbundle; includeInIndex = 0; path = ImaginaryAnimalsTests.xctest; sourceTree = BUILT_PRODUCTS_DIR; };
		D9409BE01BA77826000607DE /* ImaginaryAnimalsTests.swift */ = {isa = PBXFileReference; lastKnownFileType = sourcecode.swift; path = ImaginaryAnimalsTests.swift; sourceTree = "<group>"; };
		D9409BE21BA77826000607DE /* Info.plist */ = {isa = PBXFileReference; lastKnownFileType = text.plist.xml; path = Info.plist; sourceTree = "<group>"; };
		D9DFE8D71BA77AD90059BD61 /* TableViewController.swift */ = {isa = PBXFileReference; fileEncoding = 4; lastKnownFileType = sourcecode.swift; path = TableViewController.swift; sourceTree = "<group>"; };
		D9DFE8D91BA7803F0059BD61 /* ImaginaryAnimal.swift */ = {isa = PBXFileReference; fileEncoding = 4; lastKnownFileType = sourcecode.swift; path = ImaginaryAnimal.swift; sourceTree = "<group>"; };
		D9DFEA8E1BA788210059BD61 /* AnimalsLoader.swift */ = {isa = PBXFileReference; fileEncoding = 4; lastKnownFileType = sourcecode.swift; path = AnimalsLoader.swift; sourceTree = "<group>"; };
		D9DFEA901BA78B620059BD61 /* DetailViewController.swift */ = {isa = PBXFileReference; fileEncoding = 4; lastKnownFileType = sourcecode.swift; path = DetailViewController.swift; sourceTree = "<group>"; };
		D9DFEA921BA88E410059BD61 /* Animals.json */ = {isa = PBXFileReference; fileEncoding = 4; lastKnownFileType = text.json; path = Animals.json; sourceTree = "<group>"; };
/* End PBXFileReference section */

/* Begin PBXFrameworksBuildPhase section */
		D9409BC51BA77826000607DE /* Frameworks */ = {
			isa = PBXFrameworksBuildPhase;
			buildActionMask = 2147483647;
			files = (
			);
			runOnlyForDeploymentPostprocessing = 0;
		};
		D9409BD91BA77826000607DE /* Frameworks */ = {
			isa = PBXFrameworksBuildPhase;
			buildActionMask = 2147483647;
			files = (
			);
			runOnlyForDeploymentPostprocessing = 0;
		};
/* End PBXFrameworksBuildPhase section */

/* Begin PBXGroup section */
		D9409BBF1BA77826000607DE = {
			isa = PBXGroup;
			children = (
				D9409BCA1BA77826000607DE /* ImaginaryAnimals */,
				D9409BDF1BA77826000607DE /* ImaginaryAnimalsTests */,
				D9409BC91BA77826000607DE /* Products */,
			);
			sourceTree = "<group>";
		};
		D9409BC91BA77826000607DE /* Products */ = {
			isa = PBXGroup;
			children = (
				D9409BC81BA77826000607DE /* ImaginaryAnimals.app */,
				D9409BDC1BA77826000607DE /* ImaginaryAnimalsTests.xctest */,
			);
			name = Products;
			sourceTree = "<group>";
		};
		D9409BCA1BA77826000607DE /* ImaginaryAnimals */ = {
			isa = PBXGroup;
			children = (
				D9DFEA921BA88E410059BD61 /* Animals.json */,
				D9409BCB1BA77826000607DE /* AppDelegate.swift */,
				D9409BCF1BA77826000607DE /* Main.storyboard */,
				D9409BD21BA77826000607DE /* Assets.xcassets */,
				D9409BD41BA77826000607DE /* LaunchScreen.storyboard */,
				D9409BD71BA77826000607DE /* Info.plist */,
				D9DFE8D71BA77AD90059BD61 /* TableViewController.swift */,
				D9DFE8D91BA7803F0059BD61 /* ImaginaryAnimal.swift */,
				D9DFEA8E1BA788210059BD61 /* AnimalsLoader.swift */,
				D9DFEA901BA78B620059BD61 /* DetailViewController.swift */,
			);
			path = ImaginaryAnimals;
			sourceTree = "<group>";
		};
		D9409BDF1BA77826000607DE /* ImaginaryAnimalsTests */ = {
			isa = PBXGroup;
			children = (
				D9409BE01BA77826000607DE /* ImaginaryAnimalsTests.swift */,
				D9409BE21BA77826000607DE /* Info.plist */,
			);
			path = ImaginaryAnimalsTests;
			sourceTree = "<group>";
		};
/* End PBXGroup section */

/* Begin PBXNativeTarget section */
		D9409BC71BA77826000607DE /* ImaginaryAnimals */ = {
			isa = PBXNativeTarget;
			buildConfigurationList = D9409BE51BA77826000607DE /* Build configuration list for PBXNativeTarget "ImaginaryAnimals" */;
			buildPhases = (
				D9409BC41BA77826000607DE /* Sources */,
				D9409BC51BA77826000607DE /* Frameworks */,
				D9409BC61BA77826000607DE /* Resources */,
			);
			buildRules = (
			);
			dependencies = (
			);
			name = ImaginaryAnimals;
			productName = ImaginaryAnimals;
			productReference = D9409BC81BA77826000607DE /* ImaginaryAnimals.app */;
			productType = "com.apple.product-type.application";
		};
		D9409BDB1BA77826000607DE /* ImaginaryAnimalsTests */ = {
			isa = PBXNativeTarget;
			buildConfigurationList = D9409BE81BA77826000607DE /* Build configuration list for PBXNativeTarget "ImaginaryAnimalsTests" */;
			buildPhases = (
				D9409BD81BA77826000607DE /* Sources */,
				D9409BD91BA77826000607DE /* Frameworks */,
				D9409BDA1BA77826000607DE /* Resources */,
			);
			buildRules = (
			);
			dependencies = (
				D9409BDE1BA77826000607DE /* PBXTargetDependency */,
			);
			name = ImaginaryAnimalsTests;
			productName = ImaginaryAnimalsTests;
			productReference = D9409BDC1BA77826000607DE /* ImaginaryAnimalsTests.xctest */;
			productType = "com.apple.product-type.bundle.unit-test";
		};
/* End PBXNativeTarget section */

/* Begin PBXProject section */
		D9409BC01BA77826000607DE /* Project object */ = {
			isa = PBXProject;
			attributes = {
				LastUpgradeCheck = 0710;
				ORGANIZATIONNAME = "James Taylor";
				TargetAttributes = {
					D9409BC71BA77826000607DE = {
						CreatedOnToolsVersion = 7.1;
						DevelopmentTeam = L25P52WSA5;
					};
					D9409BDB1BA77826000607DE = {
						CreatedOnToolsVersion = 7.1;
						TestTargetID = D9409BC71BA77826000607DE;
					};
				};
			};
			buildConfigurationList = D9409BC31BA77826000607DE /* Build configuration list for PBXProject "ImaginaryAnimals" */;
			compatibilityVersion = "Xcode 3.2";
			developmentRegion = English;
			hasScannedForEncodings = 0;
			knownRegions = (
				en,
				Base,
			);
			mainGroup = D9409BBF1BA77826000607DE;
			productRefGroup = D9409BC91BA77826000607DE /* Products */;
			projectDirPath = "";
			projectRoot = "";
			targets = (
				D9409BC71BA77826000607DE /* ImaginaryAnimals */,
				D9409BDB1BA77826000607DE /* ImaginaryAnimalsTests */,
			);
		};
/* End PBXProject section */

/* Begin PBXResourcesBuildPhase section */
		D9409BC61BA77826000607DE /* Resources */ = {
			isa = PBXResourcesBuildPhase;
			buildActionMask = 2147483647;
			files = (
				D9409BD61BA77826000607DE /* LaunchScreen.storyboard in Resources */,
				D9DFEA931BA88E410059BD61 /* Animals.json in Resources */,
				D9409BD31BA77826000607DE /* Assets.xcassets in Resources */,
				D9409BD11BA77826000607DE /* Main.storyboard in Resources */,
			);
			runOnlyForDeploymentPostprocessing = 0;
		};
		D9409BDA1BA77826000607DE /* Resources */ = {
			isa = PBXResourcesBuildPhase;
			buildActionMask = 2147483647;
			files = (
			);
			runOnlyForDeploymentPostprocessing = 0;
		};
/* End PBXResourcesBuildPhase section */

/* Begin PBXSourcesBuildPhase section */
		D9409BC41BA77826000607DE /* Sources */ = {
			isa = PBXSourcesBuildPhase;
			buildActionMask = 2147483647;
			files = (
				D9409BCC1BA77826000607DE /* AppDelegate.swift in Sources */,
				D9DFE8D81BA77AD90059BD61 /* TableViewController.swift in Sources */,
				D9DFEA911BA78B620059BD61 /* DetailViewController.swift in Sources */,
				D9DFEA8F1BA788210059BD61 /* AnimalsLoader.swift in Sources */,
				D9DFE8DA1BA7803F0059BD61 /* ImaginaryAnimal.swift in Sources */,
			);
			runOnlyForDeploymentPostprocessing = 0;
		};
		D9409BD81BA77826000607DE /* Sources */ = {
			isa = PBXSourcesBuildPhase;
			buildActionMask = 2147483647;
			files = (
				D9409BE11BA77826000607DE /* ImaginaryAnimalsTests.swift in Sources */,
			);
			runOnlyForDeploymentPostprocessing = 0;
		};
/* End PBXSourcesBuildPhase section */

/* Begin PBXTargetDependency section */
		D9409BDE1BA77826000607DE /* PBXTargetDependency */ = {
			isa = PBXTargetDependency;
			target = D9409BC71BA77826000607DE /* ImaginaryAnimals */;
			targetProxy = D9409BDD1BA77826000607DE /* PBXContainerItemProxy */;
		};
/* End PBXTargetDependency section */

/* Begin PBXVariantGroup section */
		D9409BCF1BA77826000607DE /* Main.storyboard */ = {
			isa = PBXVariantGroup;
			children = (
				D9409BD01BA77826000607DE /* Base */,
			);
			name = Main.storyboard;
			sourceTree = "<group>";
		};
		D9409BD41BA77826000607DE /* LaunchScreen.storyboard */ = {
			isa = PBXVariantGroup;
			children = (
				D9409BD51BA77826000607DE /* Base */,
			);
			name = LaunchScreen.storyboard;
			sourceTree = "<group>";
		};
/* End PBXVariantGroup section */

/* Begin XCBuildConfiguration section */
		D9409BE31BA77826000607DE /* Debug */ = {
			isa = XCBuildConfiguration;
			buildSettings = {
				ALWAYS_SEARCH_USER_PATHS = NO;
				CLANG_CXX_LANGUAGE_STANDARD = "gnu++0x";
				CLANG_CXX_LIBRARY = "libc++";
				CLANG_ENABLE_MODULES = YES;
				CLANG_ENABLE_OBJC_ARC = YES;
				CLANG_WARN_BOOL_CONVERSION = YES;
				CLANG_WARN_CONSTANT_CONVERSION = YES;
				CLANG_WARN_DIRECT_OBJC_ISA_USAGE = YES_ERROR;
				CLANG_WARN_EMPTY_BODY = YES;
				CLANG_WARN_ENUM_CONVERSION = YES;
				CLANG_WARN_INT_CONVERSION = YES;
				CLANG_WARN_OBJC_ROOT_CLASS = YES_ERROR;
				CLANG_WARN_UNREACHABLE_CODE = YES;
				CLANG_WARN__DUPLICATE_METHOD_MATCH = YES;
				"CODE_SIGN_IDENTITY[sdk=iphoneos*]" = "iPhone Developer";
				COPY_PHASE_STRIP = NO;
				DEBUG_INFORMATION_FORMAT = dwarf;
				ENABLE_STRICT_OBJC_MSGSEND = YES;
				ENABLE_TESTABILITY = YES;
				GCC_C_LANGUAGE_STANDARD = gnu99;
				GCC_DYNAMIC_NO_PIC = NO;
				GCC_NO_COMMON_BLOCKS = YES;
				GCC_OPTIMIZATION_LEVEL = 0;
				GCC_PREPROCESSOR_DEFINITIONS = (
					"DEBUG=1",
					"$(inherited)",
				);
				GCC_WARN_64_TO_32_BIT_CONVERSION = YES;
				GCC_WARN_ABOUT_RETURN_TYPE = YES_ERROR;
				GCC_WARN_UNDECLARED_SELECTOR = YES;
				GCC_WARN_UNINITIALIZED_AUTOS = YES_AGGRESSIVE;
				GCC_WARN_UNUSED_FUNCTION = YES;
				GCC_WARN_UNUSED_VARIABLE = YES;
				IPHONEOS_DEPLOYMENT_TARGET = 9.1;
				MTL_ENABLE_DEBUG_INFO = YES;
				ONLY_ACTIVE_ARCH = YES;
				SDKROOT = iphoneos;
				SWIFT_OPTIMIZATION_LEVEL = "-Onone";
			};
			name = Debug;
		};
		D9409BE41BA77826000607DE /* Release */ = {
			isa = XCBuildConfiguration;
			buildSettings = {
				ALWAYS_SEARCH_USER_PATHS = NO;
				CLANG_CXX_LANGUAGE_STANDARD = "gnu++0x";
				CLANG_CXX_LIBRARY = "libc++";
				CLANG_ENABLE_MODULES = YES;
				CLANG_ENABLE_OBJC_ARC = YES;
				CLANG_WARN_BOOL_CONVERSION = YES;
				CLANG_WARN_CONSTANT_CONVERSION = YES;
				CLANG_WARN_DIRECT_OBJC_ISA_USAGE = YES_ERROR;
				CLANG_WARN_EMPTY_BODY = YES;
				CLANG_WARN_ENUM_CONVERSION = YES;
				CLANG_WARN_INT_CONVERSION = YES;
				CLANG_WARN_OBJC_ROOT_CLASS = YES_ERROR;
				CLANG_WARN_UNREACHABLE_CODE = YES;
				CLANG_WARN__DUPLICATE_METHOD_MATCH = YES;
				"CODE_SIGN_IDENTITY[sdk=iphoneos*]" = "iPhone Developer";
				COPY_PHASE_STRIP = NO;
				DEBUG_INFORMATION_FORMAT = "dwarf-with-dsym";
				ENABLE_NS_ASSERTIONS = NO;
				ENABLE_STRICT_OBJC_MSGSEND = YES;
				GCC_C_LANGUAGE_STANDARD = gnu99;
				GCC_NO_COMMON_BLOCKS = YES;
				GCC_WARN_64_TO_32_BIT_CONVERSION = YES;
				GCC_WARN_ABOUT_RETURN_TYPE = YES_ERROR;
				GCC_WARN_UNDECLARED_SELECTOR = YES;
				GCC_WARN_UNINITIALIZED_AUTOS = YES_AGGRESSIVE;
				GCC_WARN_UNUSED_FUNCTION = YES;
				GCC_WARN_UNUSED_VARIABLE = YES;
				IPHONEOS_DEPLOYMENT_TARGET = 9.1;
				MTL_ENABLE_DEBUG_INFO = NO;
				SDKROOT = iphoneos;
				VALIDATE_PRODUCT = YES;
			};
			name = Release;
		};
		D9409BE61BA77826000607DE /* Debug */ = {
			isa = XCBuildConfiguration;
			buildSettings = {
				ASSETCATALOG_COMPILER_APPICON_NAME = AppIcon;
				CODE_SIGN_IDENTITY = "iPhone Developer";
				"CODE_SIGN_IDENTITY[sdk=iphoneos*]" = "iPhone Developer";
				INFOPLIST_FILE = ImaginaryAnimals/Info.plist;
				LD_RUNPATH_SEARCH_PATHS = "$(inherited) @executable_path/Frameworks";
				PRODUCT_BUNDLE_IDENTIFIER = Epocrates.ImaginaryAnimals;
				PRODUCT_NAME = "$(TARGET_NAME)";
				PROVISIONING_PROFILE = "";
			};
			name = Debug;
		};
		D9409BE71BA77826000607DE /* Release */ = {
			isa = XCBuildConfiguration;
			buildSettings = {
				ASSETCATALOG_COMPILER_APPICON_NAME = AppIcon;
				CODE_SIGN_IDENTITY = "iPhone Developer";
				"CODE_SIGN_IDENTITY[sdk=iphoneos*]" = "iPhone Developer";
				INFOPLIST_FILE = ImaginaryAnimals/Info.plist;
				LD_RUNPATH_SEARCH_PATHS = "$(inherited) @executable_path/Frameworks";
				PRODUCT_BUNDLE_IDENTIFIER = Epocrates.ImaginaryAnimals;
				PRODUCT_NAME = "$(TARGET_NAME)";
				PROVISIONING_PROFILE = "";
			};
			name = Release;
		};
		D9409BE91BA77826000607DE /* Debug */ = {
			isa = XCBuildConfiguration;
			buildSettings = {
				BUNDLE_LOADER = "$(TEST_HOST)";
				INFOPLIST_FILE = ImaginaryAnimalsTests/Info.plist;
				LD_RUNPATH_SEARCH_PATHS = "$(inherited) @executable_path/Frameworks @loader_path/Frameworks";
				PRODUCT_BUNDLE_IDENTIFIER = Epocrates.ImaginaryAnimalsTests;
				PRODUCT_NAME = "$(TARGET_NAME)";
				TEST_HOST = "$(BUILT_PRODUCTS_DIR)/ImaginaryAnimals.app/ImaginaryAnimals";
			};
			name = Debug;
		};
		D9409BEA1BA77826000607DE /* Release */ = {
			isa = XCBuildConfiguration;
			buildSettings = {
				BUNDLE_LOADER = "$(TEST_HOST)";
				INFOPLIST_FILE = ImaginaryAnimalsTests/Info.plist;
				LD_RUNPATH_SEARCH_PATHS = "$(inherited) @executable_path/Frameworks @loader_path/Frameworks";
				PRODUCT_BUNDLE_IDENTIFIER = Epocrates.ImaginaryAnimalsTests;
				PRODUCT_NAME = "$(TARGET_NAME)";
				TEST_HOST = "$(BUILT_PRODUCTS_DIR)/ImaginaryAnimals.app/ImaginaryAnimals";
			};
			name = Release;
		};
/* End XCBuildConfiguration section */

/* Begin XCConfigurationList section */
		D9409BC31BA77826000607DE /* Build configuration list for PBXProject "ImaginaryAnimals" */ = {
			isa = XCConfigurationList;
			buildConfigurations = (
				D9409BE31BA77826000607DE /* Debug */,
				D9409BE41BA77826000607DE /* Release */,
			);
			defaultConfigurationIsVisible = 0;
			defaultConfigurationName = Release;
		};
		D9409BE51BA77826000607DE /* Build configuration list for PBXNativeTarget "ImaginaryAnimals" */ = {
			isa = XCConfigurationList;
			buildConfigurations = (
				D9409BE61BA77826000607DE /* Debug */,
				D9409BE71BA77826000607DE /* Release */,
			);
			defaultConfigurationIsVisible = 0;
			defaultConfigurationName = Release;
		};
		D9409BE81BA77826000607DE /* Build configuration list for PBXNativeTarget "ImaginaryAnimalsTests" */ = {
			isa = XCConfigurationList;
			buildConfigurations = (
				D9409BE91BA77826000607DE /* Debug */,
				D9409BEA1BA77826000607DE /* Release */,
			);
			defaultConfigurationIsVisible = 0;
			defaultConfigurationName = Release;
		};
/* End XCConfigurationList section */
	};
	rootObject = D9409BC01BA77826000607DE /* Project object */;
}
